
Microsoft Visual Studio Solution File, Format Version 12.00
# Visual Studio Version 16
VisualStudioVersion = 16.0.30011.22
MinimumVisualStudioVersion = 15.0.26124.0
Project("{2150E333-8FDC-42A3-9474-1A3956D46DE8}") = "Solution Items", "Solution Items", "{F1FC51A6-E8EE-4944-8580-9B5297021D4D}"
	ProjectSection(SolutionItems) = preProject
		.gitignore = .gitignore
		README.md = README.md
	EndProjectSection
EndProject
Project("{9A19103F-16F7-4668-BE54-9A1E7A4F7556}") = "BuildCustomPolicy", "Policy\BuildCustomPolicy.csproj", "{98E0DCD1-6AD8-468E-9A4B-A893F7D6E0BA}"
EndProject
Global
	GlobalSection(SolutionConfigurationPlatforms) = preSolution
		Debug|Any CPU = Debug|Any CPU
		Release|Any CPU = Release|Any CPU
	EndGlobalSection
	GlobalSection(ProjectConfigurationPlatforms) = postSolution
		{98E0DCD1-6AD8-468E-9A4B-A893F7D6E0BA}.Debug|Any CPU.ActiveCfg = Debug|Any CPU
		{98E0DCD1-6AD8-468E-9A4B-A893F7D6E0BA}.Debug|Any CPU.Build.0 = Debug|Any CPU
		{98E0DCD1-6AD8-468E-9A4B-A893F7D6E0BA}.Release|Any CPU.ActiveCfg = Release|Any CPU
		{98E0DCD1-6AD8-468E-9A4B-A893F7D6E0BA}.Release|Any CPU.Build.0 = Release|Any CPU
	EndGlobalSection
	GlobalSection(SolutionProperties) = preSolution
		HideSolutionNode = FALSE
	EndGlobalSection
	GlobalSection(ExtensibilityGlobals) = postSolution
		SolutionGuid = {2FA08CCF-5AB6-42A3-84C3-E0ABDFE8F43E}
	EndGlobalSection
EndGlobal
